
Microsoft Visual Studio Solution File, Format Version 12.00
# Visual Studio 15
VisualStudioVersion = 15.0.27130.2010
MinimumVisualStudioVersion = 10.0.40219.1
Project("{FAE04EC0-301F-11D3-BF4B-00C04F79EFBC}") = "PracticeChallenge", "PracticeChallenge\PracticeChallenge.csproj", "{71DA89C5-A2CC-498B-9B6E-CCE451B36C76}"
EndProject
Project("{FAE04EC0-301F-11D3-BF4B-00C04F79EFBC}") = "ClassLibrary", "ClassLibrary\ClassLibrary.csproj", "{77D2C2CE-7CDC-43EC-AD1A-0F1D19EF38D3}"
EndProject
Project("{FAE04EC0-301F-11D3-BF4B-00C04F79EFBC}") = "UnitTests", "UnitTests\UnitTests.csproj", "{18899194-EEA8-4487-BD58-5D514CBC42AF}"
EndProject
Global
	GlobalSection(SolutionConfigurationPlatforms) = preSolution
		Debug|Any CPU = Debug|Any CPU
		Release|Any CPU = Release|Any CPU
	EndGlobalSection
	GlobalSection(ProjectConfigurationPlatforms) = postSolution
		{71DA89C5-A2CC-498B-9B6E-CCE451B36C76}.Debug|Any CPU.ActiveCfg = Debug|Any CPU
		{71DA89C5-A2CC-498B-9B6E-CCE451B36C76}.Debug|Any CPU.Build.0 = Debug|Any CPU
		{71DA89C5-A2CC-498B-9B6E-CCE451B36C76}.Release|Any CPU.ActiveCfg = Release|Any CPU
		{71DA89C5-A2CC-498B-9B6E-CCE451B36C76}.Release|Any CPU.Build.0 = Release|Any CPU
		{77D2C2CE-7CDC-43EC-AD1A-0F1D19EF38D3}.Debug|Any CPU.ActiveCfg = Debug|Any CPU
		{77D2C2CE-7CDC-43EC-AD1A-0F1D19EF38D3}.Debug|Any CPU.Build.0 = Debug|Any CPU
		{77D2C2CE-7CDC-43EC-AD1A-0F1D19EF38D3}.Release|Any CPU.ActiveCfg = Release|Any CPU
		{77D2C2CE-7CDC-43EC-AD1A-0F1D19EF38D3}.Release|Any CPU.Build.0 = Release|Any CPU
		{18899194-EEA8-4487-BD58-5D514CBC42AF}.Debug|Any CPU.ActiveCfg = Debug|Any CPU
		{18899194-EEA8-4487-BD58-5D514CBC42AF}.Debug|Any CPU.Build.0 = Debug|Any CPU
		{18899194-EEA8-4487-BD58-5D514CBC42AF}.Release|Any CPU.ActiveCfg = Release|Any CPU
		{18899194-EEA8-4487-BD58-5D514CBC42AF}.Release|Any CPU.Build.0 = Release|Any CPU
	EndGlobalSection
	GlobalSection(SolutionProperties) = preSolution
		HideSolutionNode = FALSE
	EndGlobalSection
	GlobalSection(ExtensibilityGlobals) = postSolution
		SolutionGuid = {76CE2A09-F2E5-45C9-9C24-4243F1D4C857}
	EndGlobalSection
EndGlobal
